
Microsoft Visual Studio Solution File, Format Version 12.00
# Visual Studio Version 16
VisualStudioVersion = 16.0.30105.148
MinimumVisualStudioVersion = 10.0.40219.1
Project("{9A19103F-16F7-4668-BE54-9A1E7A4F7556}") = "AsyncDemo", "AsyncDemo\AsyncDemo.csproj", "{EB783A5D-B109-4526-B629-A24CB4CF931D}"
EndProject
Global
	GlobalSection(SolutionConfigurationPlatforms) = preSolution
		Debug|Any CPU = Debug|Any CPU
		Release|Any CPU = Release|Any CPU
	EndGlobalSection
	GlobalSection(ProjectConfigurationPlatforms) = postSolution
		{EB783A5D-B109-4526-B629-A24CB4CF931D}.Debug|Any CPU.ActiveCfg = Debug|Any CPU
		{EB783A5D-B109-4526-B629-A24CB4CF931D}.Debug|Any CPU.Build.0 = Debug|Any CPU
		{EB783A5D-B109-4526-B629-A24CB4CF931D}.Release|Any CPU.ActiveCfg = Release|Any CPU
		{EB783A5D-B109-4526-B629-A24CB4CF931D}.Release|Any CPU.Build.0 = Release|Any CPU
	EndGlobalSection
	GlobalSection(SolutionProperties) = preSolution
		HideSolutionNode = FALSE
	EndGlobalSection
	GlobalSection(ExtensibilityGlobals) = postSolution
		SolutionGuid = {07FFC898-A50F-4EF3-899E-41846D436132}
	EndGlobalSection
EndGlobal
